// !$*UTF8*$!
{
	archiveVersion = 1;
	classes = {
	};
	objectVersion = 46;
	objects = {

/* Begin PBXBuildFile section */
		862B91171D53940E00CC342A /* AppDelegate.swift in Sources */ = {isa = PBXBuildFile; fileRef = 862B91161D53940E00CC342A /* AppDelegate.swift */; };
		862B91191D53940E00CC342A /* ViewController.swift in Sources */ = {isa = PBXBuildFile; fileRef = 862B91181D53940E00CC342A /* ViewController.swift */; };
		862B911C1D53940E00CC342A /* Main.storyboard in Resources */ = {isa = PBXBuildFile; fileRef = 862B911A1D53940E00CC342A /* Main.storyboard */; };
		862B911E1D53940E00CC342A /* Assets.xcassets in Resources */ = {isa = PBXBuildFile; fileRef = 862B911D1D53940E00CC342A /* Assets.xcassets */; };
		862B91211D53940E00CC342A /* LaunchScreen.storyboard in Resources */ = {isa = PBXBuildFile; fileRef = 862B911F1D53940E00CC342A /* LaunchScreen.storyboard */; };
		862B91291D5398F800CC342A /* pokemon.csv in Resources */ = {isa = PBXBuildFile; fileRef = 862B91281D5398F800CC342A /* pokemon.csv */; };
		868B462C1D579D8C00C616D2 /* Constants.swift in Sources */ = {isa = PBXBuildFile; fileRef = 868B462B1D579D8C00C616D2 /* Constants.swift */; };
		86AA358F1D539D0200A1E128 /* Pokemon.swift in Sources */ = {isa = PBXBuildFile; fileRef = 86AA358E1D539D0200A1E128 /* Pokemon.swift */; };
		86AA35921D54965900A1E128 /* PokeCell.swift in Sources */ = {isa = PBXBuildFile; fileRef = 86AA35911D54965900A1E128 /* PokeCell.swift */; };
		86AA35941D54D2A800A1E128 /* csv.swift in Sources */ = {isa = PBXBuildFile; fileRef = 86AA35931D54D2A800A1E128 /* csv.swift */; };
		86AA35991D54DAD300A1E128 /* pokemon.ttf in Resources */ = {isa = PBXBuildFile; fileRef = 86AA35981D54DAD300A1E128 /* pokemon.ttf */; };
		86AA359B1D54DDF000A1E128 /* music.mp3 in Resources */ = {isa = PBXBuildFile; fileRef = 86AA359A1D54DDF000A1E128 /* music.mp3 */; };
		86AA359F1D55DC3600A1E128 /* PokemonDetailVC.swift in Sources */ = {isa = PBXBuildFile; fileRef = 86AA359E1D55DC3600A1E128 /* PokemonDetailVC.swift */; };
		8EED8FD46A48F8242300F073 /* Pods_pokedex_by_marbaez.framework in Frameworks */ = {isa = PBXBuildFile; fileRef = C44BCBE95A12421250B93218 /* Pods_pokedex_by_marbaez.framework */; };
/* End PBXBuildFile section */

/* Begin PBXFileReference section */
		575FFA679CEC47FD786694F8 /* Pods-pokedex-by-marbaez.debug.xcconfig */ = {isa = PBXFileReference; includeInIndex = 1; lastKnownFileType = text.xcconfig; name = "Pods-pokedex-by-marbaez.debug.xcconfig"; path = "Pods/Target Support Files/Pods-pokedex-by-marbaez/Pods-pokedex-by-marbaez.debug.xcconfig"; sourceTree = "<group>"; };
		6E2E09963A82CA60313DF6AC /* Pods-pokedex-by-marbaez.release.xcconfig */ = {isa = PBXFileReference; includeInIndex = 1; lastKnownFileType = text.xcconfig; name = "Pods-pokedex-by-marbaez.release.xcconfig"; path = "Pods/Target Support Files/Pods-pokedex-by-marbaez/Pods-pokedex-by-marbaez.release.xcconfig"; sourceTree = "<group>"; };
		862B91131D53940E00CC342A /* pokedex-by-marbaez.app */ = {isa = PBXFileReference; explicitFileType = wrapper.application; includeInIndex = 0; path = "pokedex-by-marbaez.app"; sourceTree = BUILT_PRODUCTS_DIR; };
		862B91161D53940E00CC342A /* AppDelegate.swift */ = {isa = PBXFileReference; lastKnownFileType = sourcecode.swift; path = AppDelegate.swift; sourceTree = "<group>"; };
		862B91181D53940E00CC342A /* ViewController.swift */ = {isa = PBXFileReference; lastKnownFileType = sourcecode.swift; path = ViewController.swift; sourceTree = "<group>"; };
		862B911B1D53940E00CC342A /* Base */ = {isa = PBXFileReference; lastKnownFileType = file.storyboard; name = Base; path = Base.lproj/Main.storyboard; sourceTree = "<group>"; };
		862B911D1D53940E00CC342A /* Assets.xcassets */ = {isa = PBXFileReference; lastKnownFileType = folder.assetcatalog; path = Assets.xcassets; sourceTree = "<group>"; };
		862B91201D53940E00CC342A /* Base */ = {isa = PBXFileReference; lastKnownFileType = file.storyboard; name = Base; path = Base.lproj/LaunchScreen.storyboard; sourceTree = "<group>"; };
		862B91221D53940E00CC342A /* Info.plist */ = {isa = PBXFileReference; lastKnownFileType = text.plist.xml; path = Info.plist; sourceTree = "<group>"; };
		862B91281D5398F800CC342A /* pokemon.csv */ = {isa = PBXFileReference; fileEncoding = 4; lastKnownFileType = text; path = pokemon.csv; sourceTree = "<group>"; };
		868B462B1D579D8C00C616D2 /* Constants.swift */ = {isa = PBXFileReference; fileEncoding = 4; lastKnownFileType = sourcecode.swift; path = Constants.swift; sourceTree = "<group>"; };
		86AA358E1D539D0200A1E128 /* Pokemon.swift */ = {isa = PBXFileReference; fileEncoding = 4; lastKnownFileType = sourcecode.swift; path = Pokemon.swift; sourceTree = "<group>"; xcLanguageSpecificationIdentifier = xcode.lang.glsl; };
		86AA35911D54965900A1E128 /* PokeCell.swift */ = {isa = PBXFileReference; fileEncoding = 4; lastKnownFileType = sourcecode.swift; path = PokeCell.swift; sourceTree = "<group>"; };
		86AA35931D54D2A800A1E128 /* csv.swift */ = {isa = PBXFileReference; fileEncoding = 4; lastKnownFileType = sourcecode.swift; path = csv.swift; sourceTree = "<group>"; };
		86AA35981D54DAD300A1E128 /* pokemon.ttf */ = {isa = PBXFileReference; lastKnownFileType = file; path = pokemon.ttf; sourceTree = "<group>"; };
		86AA359A1D54DDF000A1E128 /* music.mp3 */ = {isa = PBXFileReference; lastKnownFileType = audio.mp3; path = music.mp3; sourceTree = "<group>"; };
		86AA359E1D55DC3600A1E128 /* PokemonDetailVC.swift */ = {isa = PBXFileReference; fileEncoding = 4; lastKnownFileType = sourcecode.swift; path = PokemonDetailVC.swift; sourceTree = "<group>"; };
		C44BCBE95A12421250B93218 /* Pods_pokedex_by_marbaez.framework */ = {isa = PBXFileReference; explicitFileType = wrapper.framework; includeInIndex = 0; path = Pods_pokedex_by_marbaez.framework; sourceTree = BUILT_PRODUCTS_DIR; };
/* End PBXFileReference section */

/* Begin PBXFrameworksBuildPhase section */
		862B91101D53940E00CC342A /* Frameworks */ = {
			isa = PBXFrameworksBuildPhase;
			buildActionMask = 2147483647;
			files = (
				8EED8FD46A48F8242300F073 /* Pods_pokedex_by_marbaez.framework in Frameworks */,
			);
			runOnlyForDeploymentPostprocessing = 0;
		};
/* End PBXFrameworksBuildPhase section */

/* Begin PBXGroup section */
		5E3F18AE95F156259377EFD6 /* Frameworks */ = {
			isa = PBXGroup;
			children = (
				C44BCBE95A12421250B93218 /* Pods_pokedex_by_marbaez.framework */,
			);
			name = Frameworks;
			sourceTree = "<group>";
		};
		862B910A1D53940E00CC342A = {
			isa = PBXGroup;
			children = (
				862B91151D53940E00CC342A /* pokedex-by-marbaez */,
				862B91141D53940E00CC342A /* Products */,
				DCA0DAD910A89854FF35ABB1 /* Pods */,
				5E3F18AE95F156259377EFD6 /* Frameworks */,
			);
			sourceTree = "<group>";
		};
		862B91141D53940E00CC342A /* Products */ = {
			isa = PBXGroup;
			children = (
				862B91131D53940E00CC342A /* pokedex-by-marbaez.app */,
			);
			name = Products;
			sourceTree = "<group>";
		};
		862B91151D53940E00CC342A /* pokedex-by-marbaez */ = {
			isa = PBXGroup;
			children = (
				86AA358D1D539CF400A1E128 /* Model */,
				86AA35901D54961E00A1E128 /* View */,
				86AA35961D54D30900A1E128 /* Controller */,
				86AA35951D54D2F300A1E128 /* Util */,
				86AA35971D54D35200A1E128 /* Resources */,
				862B91161D53940E00CC342A /* AppDelegate.swift */,
				862B911A1D53940E00CC342A /* Main.storyboard */,
				862B911D1D53940E00CC342A /* Assets.xcassets */,
				862B911F1D53940E00CC342A /* LaunchScreen.storyboard */,
				862B91221D53940E00CC342A /* Info.plist */,
			);
			path = "pokedex-by-marbaez";
			sourceTree = "<group>";
		};
		86AA358D1D539CF400A1E128 /* Model */ = {
			isa = PBXGroup;
			children = (
				86AA358E1D539D0200A1E128 /* Pokemon.swift */,
			);
			name = Model;
			sourceTree = "<group>";
		};
		86AA35901D54961E00A1E128 /* View */ = {
			isa = PBXGroup;
			children = (
				86AA35911D54965900A1E128 /* PokeCell.swift */,
			);
			name = View;
			sourceTree = "<group>";
		};
		86AA35951D54D2F300A1E128 /* Util */ = {
			isa = PBXGroup;
			children = (
				86AA35931D54D2A800A1E128 /* csv.swift */,
				868B462B1D579D8C00C616D2 /* Constants.swift */,
			);
			name = Util;
			sourceTree = "<group>";
		};
		86AA35961D54D30900A1E128 /* Controller */ = {
			isa = PBXGroup;
			children = (
				862B91181D53940E00CC342A /* ViewController.swift */,
				86AA359E1D55DC3600A1E128 /* PokemonDetailVC.swift */,
			);
			name = Controller;
			sourceTree = "<group>";
		};
		86AA35971D54D35200A1E128 /* Resources */ = {
			isa = PBXGroup;
			children = (
				86AA359A1D54DDF000A1E128 /* music.mp3 */,
				86AA35981D54DAD300A1E128 /* pokemon.ttf */,
				862B91281D5398F800CC342A /* pokemon.csv */,
			);
			name = Resources;
			sourceTree = "<group>";
		};
		DCA0DAD910A89854FF35ABB1 /* Pods */ = {
			isa = PBXGroup;
			children = (
				575FFA679CEC47FD786694F8 /* Pods-pokedex-by-marbaez.debug.xcconfig */,
				6E2E09963A82CA60313DF6AC /* Pods-pokedex-by-marbaez.release.xcconfig */,
			);
			name = Pods;
			sourceTree = "<group>";
		};
/* End PBXGroup section */

/* Begin PBXNativeTarget section */
		862B91121D53940E00CC342A /* pokedex-by-marbaez */ = {
			isa = PBXNativeTarget;
			buildConfigurationList = 862B91251D53940E00CC342A /* Build configuration list for PBXNativeTarget "pokedex-by-marbaez" */;
			buildPhases = (
				66CE1AB14212E25A8AD82462 /* [CP] Check Pods Manifest.lock */,
				862B910F1D53940E00CC342A /* Sources */,
				862B91101D53940E00CC342A /* Frameworks */,
				862B91111D53940E00CC342A /* Resources */,
				60B23CF321D436B2DB942D2D /* [CP] Embed Pods Frameworks */,
				310A98BE240C4D068A7B2BFC /* [CP] Copy Pods Resources */,
			);
			buildRules = (
			);
			dependencies = (
			);
			name = "pokedex-by-marbaez";
			productName = "pokedex-by-marbaez";
			productReference = 862B91131D53940E00CC342A /* pokedex-by-marbaez.app */;
			productType = "com.apple.product-type.application";
		};
/* End PBXNativeTarget section */

/* Begin PBXProject section */
		862B910B1D53940E00CC342A /* Project object */ = {
			isa = PBXProject;
			attributes = {
				LastSwiftUpdateCheck = 0730;
				LastUpgradeCheck = 0730;
				ORGANIZATIONNAME = marbaez;
				TargetAttributes = {
					862B91121D53940E00CC342A = {
						CreatedOnToolsVersion = 7.3.1;
						DevelopmentTeam = 5EH34N297N;
					};
				};
			};
			buildConfigurationList = 862B910E1D53940E00CC342A /* Build configuration list for PBXProject "pokedex-by-marbaez" */;
			compatibilityVersion = "Xcode 3.2";
			developmentRegion = English;
			hasScannedForEncodings = 0;
			knownRegions = (
				en,
				Base,
			);
			mainGroup = 862B910A1D53940E00CC342A;
			productRefGroup = 862B91141D53940E00CC342A /* Products */;
			projectDirPath = "";
			projectRoot = "";
			targets = (
				862B91121D53940E00CC342A /* pokedex-by-marbaez */,
			);
		};
/* End PBXProject section */

/* Begin PBXResourcesBuildPhase section */
		862B91111D53940E00CC342A /* Resources */ = {
			isa = PBXResourcesBuildPhase;
			buildActionMask = 2147483647;
			files = (
				86AA35991D54DAD300A1E128 /* pokemon.ttf in Resources */,
				862B91211D53940E00CC342A /* LaunchScreen.storyboard in Resources */,
				86AA359B1D54DDF000A1E128 /* music.mp3 in Resources */,
				862B911E1D53940E00CC342A /* Assets.xcassets in Resources */,
				862B91291D5398F800CC342A /* pokemon.csv in Resources */,
				862B911C1D53940E00CC342A /* Main.storyboard in Resources */,
			);
			runOnlyForDeploymentPostprocessing = 0;
		};
/* End PBXResourcesBuildPhase section */

/* Begin PBXShellScriptBuildPhase section */
		310A98BE240C4D068A7B2BFC /* [CP] Copy Pods Resources */ = {
			isa = PBXShellScriptBuildPhase;
			buildActionMask = 2147483647;
			files = (
			);
			inputPaths = (
			);
			name = "[CP] Copy Pods Resources";
			outputPaths = (
			);
			runOnlyForDeploymentPostprocessing = 0;
			shellPath = /bin/sh;
			shellScript = "\"${SRCROOT}/Pods/Target Support Files/Pods-pokedex-by-marbaez/Pods-pokedex-by-marbaez-resources.sh\"\n";
			showEnvVarsInLog = 0;
		};
		60B23CF321D436B2DB942D2D /* [CP] Embed Pods Frameworks */ = {
			isa = PBXShellScriptBuildPhase;
			buildActionMask = 2147483647;
			files = (
			);
			inputPaths = (
			);
			name = "[CP] Embed Pods Frameworks";
			outputPaths = (
			);
			runOnlyForDeploymentPostprocessing = 0;
			shellPath = /bin/sh;
			shellScript = "\"${SRCROOT}/Pods/Target Support Files/Pods-pokedex-by-marbaez/Pods-pokedex-by-marbaez-frameworks.sh\"\n";
			showEnvVarsInLog = 0;
		};
		66CE1AB14212E25A8AD82462 /* [CP] Check Pods Manifest.lock */ = {
			isa = PBXShellScriptBuildPhase;
			buildActionMask = 2147483647;
			files = (
			);
			inputPaths = (
			);
			name = "[CP] Check Pods Manifest.lock";
			outputPaths = (
			);
			runOnlyForDeploymentPostprocessing = 0;
			shellPath = /bin/sh;
			shellScript = "diff \"${PODS_ROOT}/../Podfile.lock\" \"${PODS_ROOT}/Manifest.lock\" > /dev/null\nif [[ $? != 0 ]] ; then\n    cat << EOM\nerror: The sandbox is not in sync with the Podfile.lock. Run 'pod install' or update your CocoaPods installation.\nEOM\n    exit 1\nfi\n";
			showEnvVarsInLog = 0;
		};
/* End PBXShellScriptBuildPhase section */

/* Begin PBXSourcesBuildPhase section */
		862B910F1D53940E00CC342A /* Sources */ = {
			isa = PBXSourcesBuildPhase;
			buildActionMask = 2147483647;
			files = (
				86AA35921D54965900A1E128 /* PokeCell.swift in Sources */,
				862B91191D53940E00CC342A /* ViewController.swift in Sources */,
				86AA359F1D55DC3600A1E128 /* PokemonDetailVC.swift in Sources */,
				862B91171D53940E00CC342A /* AppDelegate.swift in Sources */,
				868B462C1D579D8C00C616D2 /* Constants.swift in Sources */,
				86AA358F1D539D0200A1E128 /* Pokemon.swift in Sources */,
				86AA35941D54D2A800A1E128 /* csv.swift in Sources */,
			);
			runOnlyForDeploymentPostprocessing = 0;
		};
/* End PBXSourcesBuildPhase section */

/* Begin PBXVariantGroup section */
		862B911A1D53940E00CC342A /* Main.storyboard */ = {
			isa = PBXVariantGroup;
			children = (
				862B911B1D53940E00CC342A /* Base */,
			);
			name = Main.storyboard;
			sourceTree = "<group>";
		};
		862B911F1D53940E00CC342A /* LaunchScreen.storyboard */ = {
			isa = PBXVariantGroup;
			children = (
				862B91201D53940E00CC342A /* Base */,
			);
			name = LaunchScreen.storyboard;
			sourceTree = "<group>";
		};
/* End PBXVariantGroup section */

/* Begin XCBuildConfiguration section */
		862B91231D53940E00CC342A /* Debug */ = {
			isa = XCBuildConfiguration;
			buildSettings = {
				ALWAYS_SEARCH_USER_PATHS = NO;
				CLANG_ANALYZER_NONNULL = YES;
				CLANG_CXX_LANGUAGE_STANDARD = "gnu++0x";
				CLANG_CXX_LIBRARY = "libc++";
				CLANG_ENABLE_MODULES = YES;
				CLANG_ENABLE_OBJC_ARC = YES;
				CLANG_WARN_BOOL_CONVERSION = YES;
				CLANG_WARN_CONSTANT_CONVERSION = YES;
				CLANG_WARN_DIRECT_OBJC_ISA_USAGE = YES_ERROR;
				CLANG_WARN_EMPTY_BODY = YES;
				CLANG_WARN_ENUM_CONVERSION = YES;
				CLANG_WARN_INT_CONVERSION = YES;
				CLANG_WARN_OBJC_ROOT_CLASS = YES_ERROR;
				CLANG_WARN_UNREACHABLE_CODE = YES;
				CLANG_WARN__DUPLICATE_METHOD_MATCH = YES;
				"CODE_SIGN_IDENTITY[sdk=iphoneos*]" = "iPhone Developer";
				COPY_PHASE_STRIP = NO;
				DEBUG_INFORMATION_FORMAT = dwarf;
				ENABLE_STRICT_OBJC_MSGSEND = YES;
				ENABLE_TESTABILITY = YES;
				GCC_C_LANGUAGE_STANDARD = gnu99;
				GCC_DYNAMIC_NO_PIC = NO;
				GCC_NO_COMMON_BLOCKS = YES;
				GCC_OPTIMIZATION_LEVEL = 0;
				GCC_PREPROCESSOR_DEFINITIONS = (
					"DEBUG=1",
					"$(inherited)",
				);
				GCC_WARN_64_TO_32_BIT_CONVERSION = YES;
				GCC_WARN_ABOUT_RETURN_TYPE = YES_ERROR;
				GCC_WARN_UNDECLARED_SELECTOR = YES;
				GCC_WARN_UNINITIALIZED_AUTOS = YES_AGGRESSIVE;
				GCC_WARN_UNUSED_FUNCTION = YES;
				GCC_WARN_UNUSED_VARIABLE = YES;
				IPHONEOS_DEPLOYMENT_TARGET = 9.3;
				MTL_ENABLE_DEBUG_INFO = YES;
				ONLY_ACTIVE_ARCH = YES;
				SDKROOT = iphoneos;
				SWIFT_OPTIMIZATION_LEVEL = "-Onone";
				TARGETED_DEVICE_FAMILY = "1,2";
			};
			name = Debug;
		};
		862B91241D53940E00CC342A /* Release */ = {
			isa = XCBuildConfiguration;
			buildSettings = {
				ALWAYS_SEARCH_USER_PATHS = NO;
				CLANG_ANALYZER_NONNULL = YES;
				CLANG_CXX_LANGUAGE_STANDARD = "gnu++0x";
				CLANG_CXX_LIBRARY = "libc++";
				CLANG_ENABLE_MODULES = YES;
				CLANG_ENABLE_OBJC_ARC = YES;
				CLANG_WARN_BOOL_CONVERSION = YES;
				CLANG_WARN_CONSTANT_CONVERSION = YES;
				CLANG_WARN_DIRECT_OBJC_ISA_USAGE = YES_ERROR;
				CLANG_WARN_EMPTY_BODY = YES;
				CLANG_WARN_ENUM_CONVERSION = YES;
				CLANG_WARN_INT_CONVERSION = YES;
				CLANG_WARN_OBJC_ROOT_CLASS = YES_ERROR;
				CLANG_WARN_UNREACHABLE_CODE = YES;
				CLANG_WARN__DUPLICATE_METHOD_MATCH = YES;
				"CODE_SIGN_IDENTITY[sdk=iphoneos*]" = "iPhone Developer";
				COPY_PHASE_STRIP = NO;
				DEBUG_INFORMATION_FORMAT = "dwarf-with-dsym";
				ENABLE_NS_ASSERTIONS = NO;
				ENABLE_STRICT_OBJC_MSGSEND = YES;
				GCC_C_LANGUAGE_STANDARD = gnu99;
				GCC_NO_COMMON_BLOCKS = YES;
				GCC_WARN_64_TO_32_BIT_CONVERSION = YES;
				GCC_WARN_ABOUT_RETURN_TYPE = YES_ERROR;
				GCC_WARN_UNDECLARED_SELECTOR = YES;
				GCC_WARN_UNINITIALIZED_AUTOS = YES_AGGRESSIVE;
				GCC_WARN_UNUSED_FUNCTION = YES;
				GCC_WARN_UNUSED_VARIABLE = YES;
				IPHONEOS_DEPLOYMENT_TARGET = 9.3;
				MTL_ENABLE_DEBUG_INFO = NO;
				SDKROOT = iphoneos;
				TARGETED_DEVICE_FAMILY = "1,2";
				VALIDATE_PRODUCT = YES;
			};
			name = Release;
		};
		862B91261D53940E00CC342A /* Debug */ = {
			isa = XCBuildConfiguration;
			baseConfigurationReference = 575FFA679CEC47FD786694F8 /* Pods-pokedex-by-marbaez.debug.xcconfig */;
			buildSettings = {
				ASSETCATALOG_COMPILER_APPICON_NAME = AppIcon;
				INFOPLIST_FILE = "pokedex-by-marbaez/Info.plist";
				LD_RUNPATH_SEARCH_PATHS = "$(inherited) @executable_path/Frameworks";
				PRODUCT_BUNDLE_IDENTIFIER = "com.marbaez.pokedex-by-marbaez";
				PRODUCT_NAME = "$(TARGET_NAME)";
			};
			name = Debug;
		};
		862B91271D53940E00CC342A /* Release */ = {
			isa = XCBuildConfiguration;
			baseConfigurationReference = 6E2E09963A82CA60313DF6AC /* Pods-pokedex-by-marbaez.release.xcconfig */;
			buildSettings = {
				ASSETCATALOG_COMPILER_APPICON_NAME = AppIcon;
				INFOPLIST_FILE = "pokedex-by-marbaez/Info.plist";
				LD_RUNPATH_SEARCH_PATHS = "$(inherited) @executable_path/Frameworks";
				PRODUCT_BUNDLE_IDENTIFIER = "com.marbaez.pokedex-by-marbaez";
				PRODUCT_NAME = "$(TARGET_NAME)";
			};
			name = Release;
		};
/* End XCBuildConfiguration section */

/* Begin XCConfigurationList section */
		862B910E1D53940E00CC342A /* Build configuration list for PBXProject "pokedex-by-marbaez" */ = {
			isa = XCConfigurationList;
			buildConfigurations = (
				862B91231D53940E00CC342A /* Debug */,
				862B91241D53940E00CC342A /* Release */,
			);
			defaultConfigurationIsVisible = 0;
			defaultConfigurationName = Release;
		};
		862B91251D53940E00CC342A /* Build configuration list for PBXNativeTarget "pokedex-by-marbaez" */ = {
			isa = XCConfigurationList;
			buildConfigurations = (
				862B91261D53940E00CC342A /* Debug */,
				862B91271D53940E00CC342A /* Release */,
			);
			defaultConfigurationIsVisible = 0;
			defaultConfigurationName = Release;
		};
/* End XCConfigurationList section */
	};
	rootObject = 862B910B1D53940E00CC342A /* Project object */;
}
